// !$*UTF8*$!
{
	archiveVersion = 1;
	classes = {
	};
	objectVersion = 50;
	objects = {

/* Begin PBXBuildFile section */
		CE43A18720A9724000F17416 /* AppDelegate.m in Sources */ = {isa = PBXBuildFile; fileRef = CE43A18620A9724000F17416 /* AppDelegate.m */; };
		CE43A18A20A9724000F17416 /* ViewController.m in Sources */ = {isa = PBXBuildFile; fileRef = CE43A18920A9724000F17416 /* ViewController.m */; };
		CE43A18D20A9724000F17416 /* Main.storyboard in Resources */ = {isa = PBXBuildFile; fileRef = CE43A18B20A9724000F17416 /* Main.storyboard */; };
		CE43A18F20A9724400F17416 /* Assets.xcassets in Resources */ = {isa = PBXBuildFile; fileRef = CE43A18E20A9724400F17416 /* Assets.xcassets */; };
		CE43A19220A9724400F17416 /* LaunchScreen.storyboard in Resources */ = {isa = PBXBuildFile; fileRef = CE43A19020A9724400F17416 /* LaunchScreen.storyboard */; };
		CE43A19520A9724400F17416 /* main.m in Sources */ = {isa = PBXBuildFile; fileRef = CE43A19420A9724400F17416 /* main.m */; };
		CE43A19F20A9724400F17416 /* TestGitTests.m in Sources */ = {isa = PBXBuildFile; fileRef = CE43A19E20A9724400F17416 /* TestGitTests.m */; };
		CE43A1AA20A9724400F17416 /* TestGitUITests.m in Sources */ = {isa = PBXBuildFile; fileRef = CE43A1A920A9724400F17416 /* TestGitUITests.m */; };
/* End PBXBuildFile section */

/* Begin PBXContainerItemProxy section */
		CE43A19B20A9724400F17416 /* PBXContainerItemProxy */ = {
			isa = PBXContainerItemProxy;
			containerPortal = CE43A17A20A9724000F17416 /* Project object */;
			proxyType = 1;
			remoteGlobalIDString = CE43A18120A9724000F17416;
			remoteInfo = TestGit;
		};
		CE43A1A620A9724400F17416 /* PBXContainerItemProxy */ = {
			isa = PBXContainerItemProxy;
			containerPortal = CE43A17A20A9724000F17416 /* Project object */;
			proxyType = 1;
			remoteGlobalIDString = CE43A18120A9724000F17416;
			remoteInfo = TestGit;
		};
/* End PBXContainerItemProxy section */

/* Begin PBXFileReference section */
		CE43A18220A9724000F17416 /* TestGit.app */ = {isa = PBXFileReference; explicitFileType = wrapper.application; includeInIndex = 0; path = TestGit.app; sourceTree = BUILT_PRODUCTS_DIR; };
		CE43A18520A9724000F17416 /* AppDelegate.h */ = {isa = PBXFileReference; lastKnownFileType = sourcecode.c.h; path = AppDelegate.h; sourceTree = "<group>"; };
		CE43A18620A9724000F17416 /* AppDelegate.m */ = {isa = PBXFileReference; lastKnownFileType = sourcecode.c.objc; path = AppDelegate.m; sourceTree = "<group>"; };
		CE43A18820A9724000F17416 /* ViewController.h */ = {isa = PBXFileReference; lastKnownFileType = sourcecode.c.h; path = ViewController.h; sourceTree = "<group>"; };
		CE43A18920A9724000F17416 /* ViewController.m */ = {isa = PBXFileReference; lastKnownFileType = sourcecode.c.objc; path = ViewController.m; sourceTree = "<group>"; };
		CE43A18C20A9724000F17416 /* Base */ = {isa = PBXFileReference; lastKnownFileType = file.storyboard; name = Base; path = Base.lproj/Main.storyboard; sourceTree = "<group>"; };
		CE43A18E20A9724400F17416 /* Assets.xcassets */ = {isa = PBXFileReference; lastKnownFileType = folder.assetcatalog; path = Assets.xcassets; sourceTree = "<group>"; };
		CE43A19120A9724400F17416 /* Base */ = {isa = PBXFileReference; lastKnownFileType = file.storyboard; name = Base; path = Base.lproj/LaunchScreen.storyboard; sourceTree = "<group>"; };
		CE43A19320A9724400F17416 /* Info.plist */ = {isa = PBXFileReference; lastKnownFileType = text.plist.xml; path = Info.plist; sourceTree = "<group>"; };
		CE43A19420A9724400F17416 /* main.m */ = {isa = PBXFileReference; lastKnownFileType = sourcecode.c.objc; path = main.m; sourceTree = "<group>"; };
		CE43A19A20A9724400F17416 /* TestGitTests.xctest */ = {isa = PBXFileReference; explicitFileType = wrapper.cfbundle; includeInIndex = 0; path = TestGitTests.xctest; sourceTree = BUILT_PRODUCTS_DIR; };
		CE43A19E20A9724400F17416 /* TestGitTests.m */ = {isa = PBXFileReference; lastKnownFileType = sourcecode.c.objc; path = TestGitTests.m; sourceTree = "<group>"; };
		CE43A1A020A9724400F17416 /* Info.plist */ = {isa = PBXFileReference; lastKnownFileType = text.plist.xml; path = Info.plist; sourceTree = "<group>"; };
		CE43A1A520A9724400F17416 /* TestGitUITests.xctest */ = {isa = PBXFileReference; explicitFileType = wrapper.cfbundle; includeInIndex = 0; path = TestGitUITests.xctest; sourceTree = BUILT_PRODUCTS_DIR; };
		CE43A1A920A9724400F17416 /* TestGitUITests.m */ = {isa = PBXFileReference; lastKnownFileType = sourcecode.c.objc; path = TestGitUITests.m; sourceTree = "<group>"; };
		CE43A1AB20A9724400F17416 /* Info.plist */ = {isa = PBXFileReference; lastKnownFileType = text.plist.xml; path = Info.plist; sourceTree = "<group>"; };
/* End PBXFileReference section */

/* Begin PBXFrameworksBuildPhase section */
		CE43A17F20A9724000F17416 /* Frameworks */ = {
			isa = PBXFrameworksBuildPhase;
			buildActionMask = 2147483647;
			files = (
			);
			runOnlyForDeploymentPostprocessing = 0;
		};
		CE43A19720A9724400F17416 /* Frameworks */ = {
			isa = PBXFrameworksBuildPhase;
			buildActionMask = 2147483647;
			files = (
			);
			runOnlyForDeploymentPostprocessing = 0;
		};
		CE43A1A220A9724400F17416 /* Frameworks */ = {
			isa = PBXFrameworksBuildPhase;
			buildActionMask = 2147483647;
			files = (
			);
			runOnlyForDeploymentPostprocessing = 0;
		};
/* End PBXFrameworksBuildPhase section */

/* Begin PBXGroup section */
		CE43A17920A9724000F17416 = {
			isa = PBXGroup;
			children = (
				CE43A18420A9724000F17416 /* TestGit */,
				CE43A19D20A9724400F17416 /* TestGitTests */,
				CE43A1A820A9724400F17416 /* TestGitUITests */,
				CE43A18320A9724000F17416 /* Products */,
			);
			sourceTree = "<group>";
		};
		CE43A18320A9724000F17416 /* Products */ = {
			isa = PBXGroup;
			children = (
				CE43A18220A9724000F17416 /* TestGit.app */,
				CE43A19A20A9724400F17416 /* TestGitTests.xctest */,
				CE43A1A520A9724400F17416 /* TestGitUITests.xctest */,
			);
			name = Products;
			sourceTree = "<group>";
		};
		CE43A18420A9724000F17416 /* TestGit */ = {
			isa = PBXGroup;
			children = (
				CE43A18520A9724000F17416 /* AppDelegate.h */,
				CE43A18620A9724000F17416 /* AppDelegate.m */,
				CE43A18820A9724000F17416 /* ViewController.h */,
				CE43A18920A9724000F17416 /* ViewController.m */,
				CE43A18B20A9724000F17416 /* Main.storyboard */,
				CE43A18E20A9724400F17416 /* Assets.xcassets */,
				CE43A19020A9724400F17416 /* LaunchScreen.storyboard */,
				CE43A19320A9724400F17416 /* Info.plist */,
				CE43A19420A9724400F17416 /* main.m */,
			);
			path = TestGit;
			sourceTree = "<group>";
		};
		CE43A19D20A9724400F17416 /* TestGitTests */ = {
			isa = PBXGroup;
			children = (
				CE43A19E20A9724400F17416 /* TestGitTests.m */,
				CE43A1A020A9724400F17416 /* Info.plist */,
			);
			path = TestGitTests;
			sourceTree = "<group>";
		};
		CE43A1A820A9724400F17416 /* TestGitUITests */ = {
			isa = PBXGroup;
			children = (
				CE43A1A920A9724400F17416 /* TestGitUITests.m */,
				CE43A1AB20A9724400F17416 /* Info.plist */,
			);
			path = TestGitUITests;
			sourceTree = "<group>";
		};
/* End PBXGroup section */

/* Begin PBXNativeTarget section */
		CE43A18120A9724000F17416 /* TestGit */ = {
			isa = PBXNativeTarget;
			buildConfigurationList = CE43A1AE20A9724400F17416 /* Build configuration list for PBXNativeTarget "TestGit" */;
			buildPhases = (
				CE43A17E20A9724000F17416 /* Sources */,
				CE43A17F20A9724000F17416 /* Frameworks */,
				CE43A18020A9724000F17416 /* Resources */,
			);
			buildRules = (
			);
			dependencies = (
			);
			name = TestGit;
			productName = TestGit;
			productReference = CE43A18220A9724000F17416 /* TestGit.app */;
			productType = "com.apple.product-type.application";
		};
		CE43A19920A9724400F17416 /* TestGitTests */ = {
			isa = PBXNativeTarget;
			buildConfigurationList = CE43A1B120A9724400F17416 /* Build configuration list for PBXNativeTarget "TestGitTests" */;
			buildPhases = (
				CE43A19620A9724400F17416 /* Sources */,
				CE43A19720A9724400F17416 /* Frameworks */,
				CE43A19820A9724400F17416 /* Resources */,
			);
			buildRules = (
			);
			dependencies = (
				CE43A19C20A9724400F17416 /* PBXTargetDependency */,
			);
			name = TestGitTests;
			productName = TestGitTests;
			productReference = CE43A19A20A9724400F17416 /* TestGitTests.xctest */;
			productType = "com.apple.product-type.bundle.unit-test";
		};
		CE43A1A420A9724400F17416 /* TestGitUITests */ = {
			isa = PBXNativeTarget;
			buildConfigurationList = CE43A1B420A9724400F17416 /* Build configuration list for PBXNativeTarget "TestGitUITests" */;
			buildPhases = (
				CE43A1A120A9724400F17416 /* Sources */,
				CE43A1A220A9724400F17416 /* Frameworks */,
				CE43A1A320A9724400F17416 /* Resources */,
			);
			buildRules = (
			);
			dependencies = (
				CE43A1A720A9724400F17416 /* PBXTargetDependency */,
			);
			name = TestGitUITests;
			productName = TestGitUITests;
			productReference = CE43A1A520A9724400F17416 /* TestGitUITests.xctest */;
			productType = "com.apple.product-type.bundle.ui-testing";
		};
/* End PBXNativeTarget section */

/* Begin PBXProject section */
		CE43A17A20A9724000F17416 /* Project object */ = {
			isa = PBXProject;
			attributes = {
				LastUpgradeCheck = 0930;
				ORGANIZATIONNAME = ds.sunagy;
				TargetAttributes = {
					CE43A18120A9724000F17416 = {
						CreatedOnToolsVersion = 9.3;
					};
					CE43A19920A9724400F17416 = {
						CreatedOnToolsVersion = 9.3;
						TestTargetID = CE43A18120A9724000F17416;
					};
					CE43A1A420A9724400F17416 = {
						CreatedOnToolsVersion = 9.3;
						TestTargetID = CE43A18120A9724000F17416;
					};
				};
			};
			buildConfigurationList = CE43A17D20A9724000F17416 /* Build configuration list for PBXProject "TestGit" */;
			compatibilityVersion = "Xcode 9.3";
			developmentRegion = en;
			hasScannedForEncodings = 0;
			knownRegions = (
				en,
				Base,
			);
			mainGroup = CE43A17920A9724000F17416;
			productRefGroup = CE43A18320A9724000F17416 /* Products */;
			projectDirPath = "";
			projectRoot = "";
			targets = (
				CE43A18120A9724000F17416 /* TestGit */,
				CE43A19920A9724400F17416 /* TestGitTests */,
				CE43A1A420A9724400F17416 /* TestGitUITests */,
			);
		};
/* End PBXProject section */

/* Begin PBXResourcesBuildPhase section */
		CE43A18020A9724000F17416 /* Resources */ = {
			isa = PBXResourcesBuildPhase;
			buildActionMask = 2147483647;
			files = (
				CE43A19220A9724400F17416 /* LaunchScreen.storyboard in Resources */,
				CE43A18F20A9724400F17416 /* Assets.xcassets in Resources */,
				CE43A18D20A9724000F17416 /* Main.storyboard in Resources */,
			);
			runOnlyForDeploymentPostprocessing = 0;
		};
		CE43A19820A9724400F17416 /* Resources */ = {
			isa = PBXResourcesBuildPhase;
			buildActionMask = 2147483647;
			files = (
			);
			runOnlyForDeploymentPostprocessing = 0;
		};
		CE43A1A320A9724400F17416 /* Resources */ = {
			isa = PBXResourcesBuildPhase;
			buildActionMask = 2147483647;
			files = (
			);
			runOnlyForDeploymentPostprocessing = 0;
		};
/* End PBXResourcesBuildPhase section */

/* Begin PBXSourcesBuildPhase section */
		CE43A17E20A9724000F17416 /* Sources */ = {
			isa = PBXSourcesBuildPhase;
			buildActionMask = 2147483647;
			files = (
				CE43A18A20A9724000F17416 /* ViewController.m in Sources */,
				CE43A19520A9724400F17416 /* main.m in Sources */,
				CE43A18720A9724000F17416 /* AppDelegate.m in Sources */,
			);
			runOnlyForDeploymentPostprocessing = 0;
		};
		CE43A19620A9724400F17416 /* Sources */ = {
			isa = PBXSourcesBuildPhase;
			buildActionMask = 2147483647;
			files = (
				CE43A19F20A9724400F17416 /* TestGitTests.m in Sources */,
			);
			runOnlyForDeploymentPostprocessing = 0;
		};
		CE43A1A120A9724400F17416 /* Sources */ = {
			isa = PBXSourcesBuildPhase;
			buildActionMask = 2147483647;
			files = (
				CE43A1AA20A9724400F17416 /* TestGitUITests.m in Sources */,
			);
			runOnlyForDeploymentPostprocessing = 0;
		};
/* End PBXSourcesBuildPhase section */

/* Begin PBXTargetDependency section */
		CE43A19C20A9724400F17416 /* PBXTargetDependency */ = {
			isa = PBXTargetDependency;
			target = CE43A18120A9724000F17416 /* TestGit */;
			targetProxy = CE43A19B20A9724400F17416 /* PBXContainerItemProxy */;
		};
		CE43A1A720A9724400F17416 /* PBXTargetDependency */ = {
			isa = PBXTargetDependency;
			target = CE43A18120A9724000F17416 /* TestGit */;
			targetProxy = CE43A1A620A9724400F17416 /* PBXContainerItemProxy */;
		};
/* End PBXTargetDependency section */

/* Begin PBXVariantGroup section */
		CE43A18B20A9724000F17416 /* Main.storyboard */ = {
			isa = PBXVariantGroup;
			children = (
				CE43A18C20A9724000F17416 /* Base */,
			);
			name = Main.storyboard;
			sourceTree = "<group>";
		};
		CE43A19020A9724400F17416 /* LaunchScreen.storyboard */ = {
			isa = PBXVariantGroup;
			children = (
				CE43A19120A9724400F17416 /* Base */,
			);
			name = LaunchScreen.storyboard;
			sourceTree = "<group>";
		};
/* End PBXVariantGroup section */

/* Begin XCBuildConfiguration section */
		CE43A1AC20A9724400F17416 /* Debug */ = {
			isa = XCBuildConfiguration;
			buildSettings = {
				ALWAYS_SEARCH_USER_PATHS = NO;
				CLANG_ANALYZER_NONNULL = YES;
				CLANG_ANALYZER_NUMBER_OBJECT_CONVERSION = YES_AGGRESSIVE;
				CLANG_CXX_LANGUAGE_STANDARD = "gnu++14";
				CLANG_CXX_LIBRARY = "libc++";
				CLANG_ENABLE_MODULES = YES;
				CLANG_ENABLE_OBJC_ARC = YES;
				CLANG_ENABLE_OBJC_WEAK = YES;
				CLANG_WARN_BLOCK_CAPTURE_AUTORELEASING = YES;
				CLANG_WARN_BOOL_CONVERSION = YES;
				CLANG_WARN_COMMA = YES;
				CLANG_WARN_CONSTANT_CONVERSION = YES;
				CLANG_WARN_DEPRECATED_OBJC_IMPLEMENTATIONS = YES;
				CLANG_WARN_DIRECT_OBJC_ISA_USAGE = YES_ERROR;
				CLANG_WARN_DOCUMENTATION_COMMENTS = YES;
				CLANG_WARN_EMPTY_BODY = YES;
				CLANG_WARN_ENUM_CONVERSION = YES;
				CLANG_WARN_INFINITE_RECURSION = YES;
				CLANG_WARN_INT_CONVERSION = YES;
				CLANG_WARN_NON_LITERAL_NULL_CONVERSION = YES;
				CLANG_WARN_OBJC_IMPLICIT_RETAIN_SELF = YES;
				CLANG_WARN_OBJC_LITERAL_CONVERSION = YES;
				CLANG_WARN_OBJC_ROOT_CLASS = YES_ERROR;
				CLANG_WARN_RANGE_LOOP_ANALYSIS = YES;
				CLANG_WARN_STRICT_PROTOTYPES = YES;
				CLANG_WARN_SUSPICIOUS_MOVE = YES;
				CLANG_WARN_UNGUARDED_AVAILABILITY = YES_AGGRESSIVE;
				CLANG_WARN_UNREACHABLE_CODE = YES;
				CLANG_WARN__DUPLICATE_METHOD_MATCH = YES;
				CODE_SIGN_IDENTITY = "iPhone Developer";
				COPY_PHASE_STRIP = NO;
				DEBUG_INFORMATION_FORMAT = dwarf;
				ENABLE_STRICT_OBJC_MSGSEND = YES;
				ENABLE_TESTABILITY = YES;
				GCC_C_LANGUAGE_STANDARD = gnu11;
				GCC_DYNAMIC_NO_PIC = NO;
				GCC_NO_COMMON_BLOCKS = YES;
				GCC_OPTIMIZATION_LEVEL = 0;
				GCC_PREPROCESSOR_DEFINITIONS = (
					"DEBUG=1",
					"$(inherited)",
				);
				GCC_WARN_64_TO_32_BIT_CONVERSION = YES;
				GCC_WARN_ABOUT_RETURN_TYPE = YES_ERROR;
				GCC_WARN_UNDECLARED_SELECTOR = YES;
				GCC_WARN_UNINITIALIZED_AUTOS = YES_AGGRESSIVE;
				GCC_WARN_UNUSED_FUNCTION = YES;
				GCC_WARN_UNUSED_VARIABLE = YES;
				IPHONEOS_DEPLOYMENT_TARGET = 11.3;
				MTL_ENABLE_DEBUG_INFO = YES;
				ONLY_ACTIVE_ARCH = YES;
				SDKROOT = iphoneos;
			};
			name = Debug;
		};
		CE43A1AD20A9724400F17416 /* Release */ = {
			isa = XCBuildConfiguration;
			buildSettings = {
				ALWAYS_SEARCH_USER_PATHS = NO;
				CLANG_ANALYZER_NONNULL = YES;
				CLANG_ANALYZER_NUMBER_OBJECT_CONVERSION = YES_AGGRESSIVE;
				CLANG_CXX_LANGUAGE_STANDARD = "gnu++14";
				CLANG_CXX_LIBRARY = "libc++";
				CLANG_ENABLE_MODULES = YES;
				CLANG_ENABLE_OBJC_ARC = YES;
				CLANG_ENABLE_OBJC_WEAK = YES;
				CLANG_WARN_BLOCK_CAPTURE_AUTORELEASING = YES;
				CLANG_WARN_BOOL_CONVERSION = YES;
				CLANG_WARN_COMMA = YES;
				CLANG_WARN_CONSTANT_CONVERSION = YES;
				CLANG_WARN_DEPRECATED_OBJC_IMPLEMENTATIONS = YES;
				CLANG_WARN_DIRECT_OBJC_ISA_USAGE = YES_ERROR;
				CLANG_WARN_DOCUMENTATION_COMMENTS = YES;
				CLANG_WARN_EMPTY_BODY = YES;
				CLANG_WARN_ENUM_CONVERSION = YES;
				CLANG_WARN_INFINITE_RECURSION = YES;
				CLANG_WARN_INT_CONVERSION = YES;
				CLANG_WARN_NON_LITERAL_NULL_CONVERSION = YES;
				CLANG_WARN_OBJC_IMPLICIT_RETAIN_SELF = YES;
				CLANG_WARN_OBJC_LITERAL_CONVERSION = YES;
				CLANG_WARN_OBJC_ROOT_CLASS = YES_ERROR;
				CLANG_WARN_RANGE_LOOP_ANALYSIS = YES;
				CLANG_WARN_STRICT_PROTOTYPES = YES;
				CLANG_WARN_SUSPICIOUS_MOVE = YES;
				CLANG_WARN_UNGUARDED_AVAILABILITY = YES_AGGRESSIVE;
				CLANG_WARN_UNREACHABLE_CODE = YES;
				CLANG_WARN__DUPLICATE_METHOD_MATCH = YES;
				CODE_SIGN_IDENTITY = "iPhone Developer";
				COPY_PHASE_STRIP = NO;
				DEBUG_INFORMATION_FORMAT = "dwarf-with-dsym";
				ENABLE_NS_ASSERTIONS = NO;
				ENABLE_STRICT_OBJC_MSGSEND = YES;
				GCC_C_LANGUAGE_STANDARD = gnu11;
				GCC_NO_COMMON_BLOCKS = YES;
				GCC_WARN_64_TO_32_BIT_CONVERSION = YES;
				GCC_WARN_ABOUT_RETURN_TYPE = YES_ERROR;
				GCC_WARN_UNDECLARED_SELECTOR = YES;
				GCC_WARN_UNINITIALIZED_AUTOS = YES_AGGRESSIVE;
				GCC_WARN_UNUSED_FUNCTION = YES;
				GCC_WARN_UNUSED_VARIABLE = YES;
				IPHONEOS_DEPLOYMENT_TARGET = 11.3;
				MTL_ENABLE_DEBUG_INFO = NO;
				SDKROOT = iphoneos;
				VALIDATE_PRODUCT = YES;
			};
			name = Release;
		};
		CE43A1AF20A9724400F17416 /* Debug */ = {
			isa = XCBuildConfiguration;
			buildSettings = {
				ASSETCATALOG_COMPILER_APPICON_NAME = AppIcon;
				CODE_SIGN_STYLE = Automatic;
				INFOPLIST_FILE = TestGit/Info.plist;
				LD_RUNPATH_SEARCH_PATHS = (
					"$(inherited)",
					"@executable_path/Frameworks",
				);
				PRODUCT_BUNDLE_IDENTIFIER = dd.TestGit;
				PRODUCT_NAME = "$(TARGET_NAME)";
				TARGETED_DEVICE_FAMILY = "1,2";
			};
			name = Debug;
		};
		CE43A1B020A9724400F17416 /* Release */ = {
			isa = XCBuildConfiguration;
			buildSettings = {
				ASSETCATALOG_COMPILER_APPICON_NAME = AppIcon;
				CODE_SIGN_STYLE = Automatic;
				INFOPLIST_FILE = TestGit/Info.plist;
				LD_RUNPATH_SEARCH_PATHS = (
					"$(inherited)",
					"@executable_path/Frameworks",
				);
				PRODUCT_BUNDLE_IDENTIFIER = dd.TestGit;
				PRODUCT_NAME = "$(TARGET_NAME)";
				TARGETED_DEVICE_FAMILY = "1,2";
			};
			name = Release;
		};
		CE43A1B220A9724400F17416 /* Debug */ = {
			isa = XCBuildConfiguration;
			buildSettings = {
				BUNDLE_LOADER = "$(TEST_HOST)";
				CODE_SIGN_STYLE = Automatic;
				INFOPLIST_FILE = TestGitTests/Info.plist;
				LD_RUNPATH_SEARCH_PATHS = (
					"$(inherited)",
					"@executable_path/Frameworks",
					"@loader_path/Frameworks",
				);
				PRODUCT_BUNDLE_IDENTIFIER = dd.TestGitTests;
				PRODUCT_NAME = "$(TARGET_NAME)";
				TARGETED_DEVICE_FAMILY = "1,2";
				TEST_HOST = "$(BUILT_PRODUCTS_DIR)/TestGit.app/TestGit";
			};
			name = Debug;
		};
		CE43A1B320A9724400F17416 /* Release */ = {
			isa = XCBuildConfiguration;
			buildSettings = {
				BUNDLE_LOADER = "$(TEST_HOST)";
				CODE_SIGN_STYLE = Automatic;
				INFOPLIST_FILE = TestGitTests/Info.plist;
				LD_RUNPATH_SEARCH_PATHS = (
					"$(inherited)",
					"@executable_path/Frameworks",
					"@loader_path/Frameworks",
				);
				PRODUCT_BUNDLE_IDENTIFIER = dd.TestGitTests;
				PRODUCT_NAME = "$(TARGET_NAME)";
				TARGETED_DEVICE_FAMILY = "1,2";
				TEST_HOST = "$(BUILT_PRODUCTS_DIR)/TestGit.app/TestGit";
			};
			name = Release;
		};
		CE43A1B520A9724400F17416 /* Debug */ = {
			isa = XCBuildConfiguration;
			buildSettings = {
				CODE_SIGN_STYLE = Automatic;
				INFOPLIST_FILE = TestGitUITests/Info.plist;
				LD_RUNPATH_SEARCH_PATHS = (
					"$(inherited)",
					"@executable_path/Frameworks",
					"@loader_path/Frameworks",
				);
				PRODUCT_BUNDLE_IDENTIFIER = dd.TestGitUITests;
				PRODUCT_NAME = "$(TARGET_NAME)";
				TARGETED_DEVICE_FAMILY = "1,2";
				TEST_TARGET_NAME = TestGit;
			};
			name = Debug;
		};
		CE43A1B620A9724400F17416 /* Release */ = {
			isa = XCBuildConfiguration;
			buildSettings = {
				CODE_SIGN_STYLE = Automatic;
				INFOPLIST_FILE = TestGitUITests/Info.plist;
				LD_RUNPATH_SEARCH_PATHS = (
					"$(inherited)",
					"@executable_path/Frameworks",
					"@loader_path/Frameworks",
				);
				PRODUCT_BUNDLE_IDENTIFIER = dd.TestGitUITests;
				PRODUCT_NAME = "$(TARGET_NAME)";
				TARGETED_DEVICE_FAMILY = "1,2";
				TEST_TARGET_NAME = TestGit;
			};
			name = Release;
		};
/* End XCBuildConfiguration section */

/* Begin XCConfigurationList section */
		CE43A17D20A9724000F17416 /* Build configuration list for PBXProject "TestGit" */ = {
			isa = XCConfigurationList;
			buildConfigurations = (
				CE43A1AC20A9724400F17416 /* Debug */,
				CE43A1AD20A9724400F17416 /* Release */,
			);
			defaultConfigurationIsVisible = 0;
			defaultConfigurationName = Release;
		};
		CE43A1AE20A9724400F17416 /* Build configuration list for PBXNativeTarget "TestGit" */ = {
			isa = XCConfigurationList;
			buildConfigurations = (
				CE43A1AF20A9724400F17416 /* Debug */,
				CE43A1B020A9724400F17416 /* Release */,
			);
			defaultConfigurationIsVisible = 0;
			defaultConfigurationName = Release;
		};
		CE43A1B120A9724400F17416 /* Build configuration list for PBXNativeTarget "TestGitTests" */ = {
			isa = XCConfigurationList;
			buildConfigurations = (
				CE43A1B220A9724400F17416 /* Debug */,
				CE43A1B320A9724400F17416 /* Release */,
			);
			defaultConfigurationIsVisible = 0;
			defaultConfigurationName = Release;
		};
		CE43A1B420A9724400F17416 /* Build configuration list for PBXNativeTarget "TestGitUITests" */ = {
			isa = XCConfigurationList;
			buildConfigurations = (
				CE43A1B520A9724400F17416 /* Debug */,
				CE43A1B620A9724400F17416 /* Release */,
			);
			defaultConfigurationIsVisible = 0;
			defaultConfigurationName = Release;
		};
/* End XCConfigurationList section */
	};
	rootObject = CE43A17A20A9724000F17416 /* Project object */;
}
